// !$*UTF8*$!
{
	archiveVersion = 1;
	classes = {
	};
	objectVersion = 50;
	objects = {

/* Begin PBXBuildFile section */
		D4D1510A20B9164C00416891 /* AppDelegate.m in Sources */ = {isa = PBXBuildFile; fileRef = D4D1510920B9164C00416891 /* AppDelegate.m */; };
		D4D1511020B9164C00416891 /* Main.storyboard in Resources */ = {isa = PBXBuildFile; fileRef = D4D1510E20B9164C00416891 /* Main.storyboard */; };
		D4D1511320B9164C00416891 /* OauthFun.xcdatamodeld in Sources */ = {isa = PBXBuildFile; fileRef = D4D1511120B9164C00416891 /* OauthFun.xcdatamodeld */; };
		D4D1511520B9164D00416891 /* Assets.xcassets in Resources */ = {isa = PBXBuildFile; fileRef = D4D1511420B9164D00416891 /* Assets.xcassets */; };
		D4D1511820B9164D00416891 /* LaunchScreen.storyboard in Resources */ = {isa = PBXBuildFile; fileRef = D4D1511620B9164D00416891 /* LaunchScreen.storyboard */; };
		D4D1511B20B9164D00416891 /* main.m in Sources */ = {isa = PBXBuildFile; fileRef = D4D1511A20B9164D00416891 /* main.m */; };
		D4D1512520B9164D00416891 /* OauthFunTests.m in Sources */ = {isa = PBXBuildFile; fileRef = D4D1512420B9164D00416891 /* OauthFunTests.m */; };
		D4D1513120B9168600416891 /* WebViewController.m in Sources */ = {isa = PBXBuildFile; fileRef = D4D1513020B9168600416891 /* WebViewController.m */; };
		D4D1513420B9171000416891 /* NetworkController.m in Sources */ = {isa = PBXBuildFile; fileRef = D4D1513320B9171000416891 /* NetworkController.m */; };
		D4D1513720B9189A00416891 /* StackAppPassport.m in Sources */ = {isa = PBXBuildFile; fileRef = D4D1513620B9189A00416891 /* StackAppPassport.m */; };
		D4D1513A20B92E0100416891 /* WebKit.framework in Frameworks */ = {isa = PBXBuildFile; fileRef = D4D1513920B92E0100416891 /* WebKit.framework */; };
		D4D1513C20B9D65500416891 /* README in Resources */ = {isa = PBXBuildFile; fileRef = D4D1513B20B9D65500416891 /* README */; };
		D4D1513F20B9DD0600416891 /* MainTableViewCell.m in Sources */ = {isa = PBXBuildFile; fileRef = D4D1513E20B9DD0600416891 /* MainTableViewCell.m */; };
		D4D1514320B9E39000416891 /* User.m in Sources */ = {isa = PBXBuildFile; fileRef = D4D1514220B9E39000416891 /* User.m */; };
		D4D1514A20BA754500416891 /* MainViewController.m in Sources */ = {isa = PBXBuildFile; fileRef = D4D1514920BA754500416891 /* MainViewController.m */; };
		D4D1514F20BAF9E500416891 /* Default-568h@2x.png in Resources */ = {isa = PBXBuildFile; fileRef = D4D1514E20BAF9E500416891 /* Default-568h@2x.png */; };
		D4D1515220BAFCC800416891 /* MainTableViewController.m in Sources */ = {isa = PBXBuildFile; fileRef = D4D1515120BAFCC800416891 /* MainTableViewController.m */; };
/* End PBXBuildFile section */

/* Begin PBXContainerItemProxy section */
		D4D1512120B9164D00416891 /* PBXContainerItemProxy */ = {
			isa = PBXContainerItemProxy;
			containerPortal = D4D150FD20B9164C00416891 /* Project object */;
			proxyType = 1;
			remoteGlobalIDString = D4D1510420B9164C00416891;
			remoteInfo = OauthFun;
		};
/* End PBXContainerItemProxy section */

/* Begin PBXFileReference section */
		D4D1510520B9164C00416891 /* OauthFun.app */ = {isa = PBXFileReference; explicitFileType = wrapper.application; includeInIndex = 0; path = OauthFun.app; sourceTree = BUILT_PRODUCTS_DIR; };
		D4D1510820B9164C00416891 /* AppDelegate.h */ = {isa = PBXFileReference; lastKnownFileType = sourcecode.c.h; path = AppDelegate.h; sourceTree = "<group>"; };
		D4D1510920B9164C00416891 /* AppDelegate.m */ = {isa = PBXFileReference; lastKnownFileType = sourcecode.c.objc; path = AppDelegate.m; sourceTree = "<group>"; };
		D4D1510F20B9164C00416891 /* Base */ = {isa = PBXFileReference; lastKnownFileType = file.storyboard; name = Base; path = Base.lproj/Main.storyboard; sourceTree = "<group>"; };
		D4D1511220B9164C00416891 /* OauthFun.xcdatamodel */ = {isa = PBXFileReference; lastKnownFileType = wrapper.xcdatamodel; path = OauthFun.xcdatamodel; sourceTree = "<group>"; };
		D4D1511420B9164D00416891 /* Assets.xcassets */ = {isa = PBXFileReference; lastKnownFileType = folder.assetcatalog; path = Assets.xcassets; sourceTree = "<group>"; };
		D4D1511720B9164D00416891 /* Base */ = {isa = PBXFileReference; lastKnownFileType = file.storyboard; name = Base; path = Base.lproj/LaunchScreen.storyboard; sourceTree = "<group>"; };
		D4D1511920B9164D00416891 /* Info.plist */ = {isa = PBXFileReference; lastKnownFileType = text.plist.xml; path = Info.plist; sourceTree = "<group>"; };
		D4D1511A20B9164D00416891 /* main.m */ = {isa = PBXFileReference; lastKnownFileType = sourcecode.c.objc; path = main.m; sourceTree = "<group>"; };
		D4D1512020B9164D00416891 /* OauthFunTests.xctest */ = {isa = PBXFileReference; explicitFileType = wrapper.cfbundle; includeInIndex = 0; path = OauthFunTests.xctest; sourceTree = BUILT_PRODUCTS_DIR; };
		D4D1512420B9164D00416891 /* OauthFunTests.m */ = {isa = PBXFileReference; lastKnownFileType = sourcecode.c.objc; path = OauthFunTests.m; sourceTree = "<group>"; };
		D4D1512620B9164D00416891 /* Info.plist */ = {isa = PBXFileReference; lastKnownFileType = text.plist.xml; path = Info.plist; sourceTree = "<group>"; };
		D4D1512F20B9168600416891 /* WebViewController.h */ = {isa = PBXFileReference; lastKnownFileType = sourcecode.c.h; path = WebViewController.h; sourceTree = "<group>"; };
		D4D1513020B9168600416891 /* WebViewController.m */ = {isa = PBXFileReference; lastKnownFileType = sourcecode.c.objc; path = WebViewController.m; sourceTree = "<group>"; };
		D4D1513220B9171000416891 /* NetworkController.h */ = {isa = PBXFileReference; lastKnownFileType = sourcecode.c.h; path = NetworkController.h; sourceTree = "<group>"; };
		D4D1513320B9171000416891 /* NetworkController.m */ = {isa = PBXFileReference; lastKnownFileType = sourcecode.c.objc; path = NetworkController.m; sourceTree = "<group>"; };
		D4D1513520B9189A00416891 /* StackAppPassport.h */ = {isa = PBXFileReference; lastKnownFileType = sourcecode.c.h; path = StackAppPassport.h; sourceTree = "<group>"; };
		D4D1513620B9189A00416891 /* StackAppPassport.m */ = {isa = PBXFileReference; lastKnownFileType = sourcecode.c.objc; path = StackAppPassport.m; sourceTree = "<group>"; };
		D4D1513920B92E0100416891 /* WebKit.framework */ = {isa = PBXFileReference; lastKnownFileType = wrapper.framework; name = WebKit.framework; path = System/Library/Frameworks/WebKit.framework; sourceTree = SDKROOT; };
		D4D1513B20B9D65500416891 /* README */ = {isa = PBXFileReference; lastKnownFileType = text; path = README; sourceTree = "<group>"; };
		D4D1513D20B9DD0600416891 /* MainTableViewCell.h */ = {isa = PBXFileReference; lastKnownFileType = sourcecode.c.h; path = MainTableViewCell.h; sourceTree = "<group>"; };
		D4D1513E20B9DD0600416891 /* MainTableViewCell.m */ = {isa = PBXFileReference; lastKnownFileType = sourcecode.c.objc; path = MainTableViewCell.m; sourceTree = "<group>"; };
		D4D1514120B9E39000416891 /* User.h */ = {isa = PBXFileReference; lastKnownFileType = sourcecode.c.h; path = User.h; sourceTree = "<group>"; };
		D4D1514220B9E39000416891 /* User.m */ = {isa = PBXFileReference; lastKnownFileType = sourcecode.c.objc; path = User.m; sourceTree = "<group>"; };
		D4D1514820BA754400416891 /* MainViewController.h */ = {isa = PBXFileReference; lastKnownFileType = sourcecode.c.h; path = MainViewController.h; sourceTree = "<group>"; };
		D4D1514920BA754500416891 /* MainViewController.m */ = {isa = PBXFileReference; lastKnownFileType = sourcecode.c.objc; path = MainViewController.m; sourceTree = "<group>"; };
		D4D1514E20BAF9E500416891 /* Default-568h@2x.png */ = {isa = PBXFileReference; lastKnownFileType = image.png; path = "Default-568h@2x.png"; sourceTree = "<group>"; };
		D4D1515020BAFCC800416891 /* MainTableViewController.h */ = {isa = PBXFileReference; lastKnownFileType = sourcecode.c.h; path = MainTableViewController.h; sourceTree = "<group>"; };
		D4D1515120BAFCC800416891 /* MainTableViewController.m */ = {isa = PBXFileReference; lastKnownFileType = sourcecode.c.objc; path = MainTableViewController.m; sourceTree = "<group>"; };
/* End PBXFileReference section */

/* Begin PBXFrameworksBuildPhase section */
		D4D1510220B9164C00416891 /* Frameworks */ = {
			isa = PBXFrameworksBuildPhase;
			buildActionMask = 2147483647;
			files = (
				D4D1513A20B92E0100416891 /* WebKit.framework in Frameworks */,
			);
			runOnlyForDeploymentPostprocessing = 0;
		};
		D4D1511D20B9164D00416891 /* Frameworks */ = {
			isa = PBXFrameworksBuildPhase;
			buildActionMask = 2147483647;
			files = (
			);
			runOnlyForDeploymentPostprocessing = 0;
		};
/* End PBXFrameworksBuildPhase section */

/* Begin PBXGroup section */
		D4D150FC20B9164C00416891 = {
			isa = PBXGroup;
			children = (
				D4D1514E20BAF9E500416891 /* Default-568h@2x.png */,
				D4D1513B20B9D65500416891 /* README */,
				D4D1510720B9164C00416891 /* OauthFun */,
				D4D1512320B9164D00416891 /* OauthFunTests */,
				D4D1510620B9164C00416891 /* Products */,
				D4D1513820B92E0100416891 /* Frameworks */,
			);
			sourceTree = "<group>";
		};
		D4D1510620B9164C00416891 /* Products */ = {
			isa = PBXGroup;
			children = (
				D4D1510520B9164C00416891 /* OauthFun.app */,
				D4D1512020B9164D00416891 /* OauthFunTests.xctest */,
			);
			name = Products;
			sourceTree = "<group>";
		};
		D4D1510720B9164C00416891 /* OauthFun */ = {
			isa = PBXGroup;
			children = (
				D4D1511920B9164D00416891 /* Info.plist */,
				D4D1514D20BA821500416891 /* Controller */,
				D4D1514B20BA816500416891 /* View */,
				D4D1514020B9E37000416891 /* Model */,
				D4D1514C20BA818100416891 /* Support Files */,
			);
			path = OauthFun;
			sourceTree = "<group>";
		};
		D4D1512320B9164D00416891 /* OauthFunTests */ = {
			isa = PBXGroup;
			children = (
				D4D1512420B9164D00416891 /* OauthFunTests.m */,
				D4D1512620B9164D00416891 /* Info.plist */,
			);
			path = OauthFunTests;
			sourceTree = "<group>";
		};
		D4D1513820B92E0100416891 /* Frameworks */ = {
			isa = PBXGroup;
			children = (
				D4D1513920B92E0100416891 /* WebKit.framework */,
			);
			name = Frameworks;
			sourceTree = "<group>";
		};
		D4D1514020B9E37000416891 /* Model */ = {
			isa = PBXGroup;
			children = (
				D4D1513520B9189A00416891 /* StackAppPassport.h */,
				D4D1513620B9189A00416891 /* StackAppPassport.m */,
				D4D1514120B9E39000416891 /* User.h */,
				D4D1514220B9E39000416891 /* User.m */,
			);
			path = Model;
			sourceTree = "<group>";
		};
		D4D1514B20BA816500416891 /* View */ = {
			isa = PBXGroup;
			children = (
				D4D1511620B9164D00416891 /* LaunchScreen.storyboard */,
				D4D1510E20B9164C00416891 /* Main.storyboard */,
				D4D1513D20B9DD0600416891 /* MainTableViewCell.h */,
				D4D1513E20B9DD0600416891 /* MainTableViewCell.m */,
			);
			path = View;
			sourceTree = "<group>";
		};
		D4D1514C20BA818100416891 /* Support Files */ = {
			isa = PBXGroup;
			children = (
				D4D1510820B9164C00416891 /* AppDelegate.h */,
				D4D1510920B9164C00416891 /* AppDelegate.m */,
				D4D1511420B9164D00416891 /* Assets.xcassets */,
				D4D1511A20B9164D00416891 /* main.m */,
				D4D1511120B9164C00416891 /* OauthFun.xcdatamodeld */,
			);
			path = "Support Files";
			sourceTree = "<group>";
		};
		D4D1514D20BA821500416891 /* Controller */ = {
			isa = PBXGroup;
			children = (
				D4D1512F20B9168600416891 /* WebViewController.h */,
				D4D1513020B9168600416891 /* WebViewController.m */,
				D4D1513220B9171000416891 /* NetworkController.h */,
				D4D1513320B9171000416891 /* NetworkController.m */,
				D4D1515020BAFCC800416891 /* MainTableViewController.h */,
				D4D1515120BAFCC800416891 /* MainTableViewController.m */,
				D4D1514820BA754400416891 /* MainViewController.h */,
				D4D1514920BA754500416891 /* MainViewController.m */,
			);
			path = Controller;
			sourceTree = "<group>";
		};
/* End PBXGroup section */

/* Begin PBXNativeTarget section */
		D4D1510420B9164C00416891 /* OauthFun */ = {
			isa = PBXNativeTarget;
			buildConfigurationList = D4D1512920B9164D00416891 /* Build configuration list for PBXNativeTarget "OauthFun" */;
			buildPhases = (
				D4D1510120B9164C00416891 /* Sources */,
				D4D1510220B9164C00416891 /* Frameworks */,
				D4D1510320B9164C00416891 /* Resources */,
			);
			buildRules = (
			);
			dependencies = (
			);
			name = OauthFun;
			productName = OauthFun;
			productReference = D4D1510520B9164C00416891 /* OauthFun.app */;
			productType = "com.apple.product-type.application";
		};
		D4D1511F20B9164D00416891 /* OauthFunTests */ = {
			isa = PBXNativeTarget;
			buildConfigurationList = D4D1512C20B9164D00416891 /* Build configuration list for PBXNativeTarget "OauthFunTests" */;
			buildPhases = (
				D4D1511C20B9164D00416891 /* Sources */,
				D4D1511D20B9164D00416891 /* Frameworks */,
				D4D1511E20B9164D00416891 /* Resources */,
			);
			buildRules = (
			);
			dependencies = (
				D4D1512220B9164D00416891 /* PBXTargetDependency */,
			);
			name = OauthFunTests;
			productName = OauthFunTests;
			productReference = D4D1512020B9164D00416891 /* OauthFunTests.xctest */;
			productType = "com.apple.product-type.bundle.unit-test";
		};
/* End PBXNativeTarget section */

/* Begin PBXProject section */
		D4D150FD20B9164C00416891 /* Project object */ = {
			isa = PBXProject;
			attributes = {
				LastUpgradeCheck = 0930;
				ORGANIZATIONNAME = "eric yu";
				TargetAttributes = {
					D4D1510420B9164C00416891 = {
						CreatedOnToolsVersion = 9.3.1;
					};
					D4D1511F20B9164D00416891 = {
						CreatedOnToolsVersion = 9.3.1;
						TestTargetID = D4D1510420B9164C00416891;
					};
				};
			};
			buildConfigurationList = D4D1510020B9164C00416891 /* Build configuration list for PBXProject "OauthFun" */;
			compatibilityVersion = "Xcode 9.3";
			developmentRegion = en;
			hasScannedForEncodings = 0;
			knownRegions = (
				en,
				Base,
			);
			mainGroup = D4D150FC20B9164C00416891;
			productRefGroup = D4D1510620B9164C00416891 /* Products */;
			projectDirPath = "";
			projectRoot = "";
			targets = (
				D4D1510420B9164C00416891 /* OauthFun */,
				D4D1511F20B9164D00416891 /* OauthFunTests */,
			);
		};
/* End PBXProject section */

/* Begin PBXResourcesBuildPhase section */
		D4D1510320B9164C00416891 /* Resources */ = {
			isa = PBXResourcesBuildPhase;
			buildActionMask = 2147483647;
			files = (
				D4D1513C20B9D65500416891 /* README in Resources */,
				D4D1511820B9164D00416891 /* LaunchScreen.storyboard in Resources */,
				D4D1511520B9164D00416891 /* Assets.xcassets in Resources */,
				D4D1514F20BAF9E500416891 /* Default-568h@2x.png in Resources */,
				D4D1511020B9164C00416891 /* Main.storyboard in Resources */,
			);
			runOnlyForDeploymentPostprocessing = 0;
		};
		D4D1511E20B9164D00416891 /* Resources */ = {
			isa = PBXResourcesBuildPhase;
			buildActionMask = 2147483647;
			files = (
			);
			runOnlyForDeploymentPostprocessing = 0;
		};
/* End PBXResourcesBuildPhase section */

/* Begin PBXSourcesBuildPhase section */
		D4D1510120B9164C00416891 /* Sources */ = {
			isa = PBXSourcesBuildPhase;
			buildActionMask = 2147483647;
			files = (
				D4D1515220BAFCC800416891 /* MainTableViewController.m in Sources */,
				D4D1514A20BA754500416891 /* MainViewController.m in Sources */,
				D4D1514320B9E39000416891 /* User.m in Sources */,
				D4D1513120B9168600416891 /* WebViewController.m in Sources */,
				D4D1513720B9189A00416891 /* StackAppPassport.m in Sources */,
				D4D1511320B9164C00416891 /* OauthFun.xcdatamodeld in Sources */,
				D4D1511B20B9164D00416891 /* main.m in Sources */,
				D4D1513420B9171000416891 /* NetworkController.m in Sources */,
				D4D1513F20B9DD0600416891 /* MainTableViewCell.m in Sources */,
				D4D1510A20B9164C00416891 /* AppDelegate.m in Sources */,
			);
			runOnlyForDeploymentPostprocessing = 0;
		};
		D4D1511C20B9164D00416891 /* Sources */ = {
			isa = PBXSourcesBuildPhase;
			buildActionMask = 2147483647;
			files = (
				D4D1512520B9164D00416891 /* OauthFunTests.m in Sources */,
			);
			runOnlyForDeploymentPostprocessing = 0;
		};
/* End PBXSourcesBuildPhase section */

/* Begin PBXTargetDependency section */
		D4D1512220B9164D00416891 /* PBXTargetDependency */ = {
			isa = PBXTargetDependency;
			target = D4D1510420B9164C00416891 /* OauthFun */;
			targetProxy = D4D1512120B9164D00416891 /* PBXContainerItemProxy */;
		};
/* End PBXTargetDependency section */

/* Begin PBXVariantGroup section */
		D4D1510E20B9164C00416891 /* Main.storyboard */ = {
			isa = PBXVariantGroup;
			children = (
				D4D1510F20B9164C00416891 /* Base */,
			);
			name = Main.storyboard;
			sourceTree = "<group>";
		};
		D4D1511620B9164D00416891 /* LaunchScreen.storyboard */ = {
			isa = PBXVariantGroup;
			children = (
				D4D1511720B9164D00416891 /* Base */,
			);
			name = LaunchScreen.storyboard;
			sourceTree = "<group>";
		};
/* End PBXVariantGroup section */

/* Begin XCBuildConfiguration section */
		D4D1512720B9164D00416891 /* Debug */ = {
			isa = XCBuildConfiguration;
			buildSettings = {
				ALWAYS_SEARCH_USER_PATHS = NO;
				CLANG_ANALYZER_NONNULL = YES;
				CLANG_ANALYZER_NUMBER_OBJECT_CONVERSION = YES_AGGRESSIVE;
				CLANG_CXX_LANGUAGE_STANDARD = "gnu++14";
				CLANG_CXX_LIBRARY = "libc++";
				CLANG_ENABLE_MODULES = YES;
				CLANG_ENABLE_OBJC_ARC = YES;
				CLANG_ENABLE_OBJC_WEAK = YES;
				CLANG_WARN_BLOCK_CAPTURE_AUTORELEASING = YES;
				CLANG_WARN_BOOL_CONVERSION = YES;
				CLANG_WARN_COMMA = YES;
				CLANG_WARN_CONSTANT_CONVERSION = YES;
				CLANG_WARN_DEPRECATED_OBJC_IMPLEMENTATIONS = YES;
				CLANG_WARN_DIRECT_OBJC_ISA_USAGE = YES_ERROR;
				CLANG_WARN_DOCUMENTATION_COMMENTS = YES;
				CLANG_WARN_EMPTY_BODY = YES;
				CLANG_WARN_ENUM_CONVERSION = YES;
				CLANG_WARN_INFINITE_RECURSION = YES;
				CLANG_WARN_INT_CONVERSION = YES;
				CLANG_WARN_NON_LITERAL_NULL_CONVERSION = YES;
				CLANG_WARN_OBJC_IMPLICIT_RETAIN_SELF = YES;
				CLANG_WARN_OBJC_LITERAL_CONVERSION = YES;
				CLANG_WARN_OBJC_ROOT_CLASS = YES_ERROR;
				CLANG_WARN_RANGE_LOOP_ANALYSIS = YES;
				CLANG_WARN_STRICT_PROTOTYPES = YES;
				CLANG_WARN_SUSPICIOUS_MOVE = YES;
				CLANG_WARN_UNGUARDED_AVAILABILITY = YES_AGGRESSIVE;
				CLANG_WARN_UNREACHABLE_CODE = YES;
				CLANG_WARN__DUPLICATE_METHOD_MATCH = YES;
				CODE_SIGN_IDENTITY = "iPhone Developer";
				COPY_PHASE_STRIP = NO;
				DEBUG_INFORMATION_FORMAT = dwarf;
				ENABLE_STRICT_OBJC_MSGSEND = YES;
				ENABLE_TESTABILITY = YES;
				GCC_C_LANGUAGE_STANDARD = gnu11;
				GCC_DYNAMIC_NO_PIC = NO;
				GCC_NO_COMMON_BLOCKS = YES;
				GCC_OPTIMIZATION_LEVEL = 0;
				GCC_PREPROCESSOR_DEFINITIONS = (
					"DEBUG=1",
					"$(inherited)",
				);
				GCC_WARN_64_TO_32_BIT_CONVERSION = YES;
				GCC_WARN_ABOUT_RETURN_TYPE = YES_ERROR;
				GCC_WARN_UNDECLARED_SELECTOR = YES;
				GCC_WARN_UNINITIALIZED_AUTOS = YES_AGGRESSIVE;
				GCC_WARN_UNUSED_FUNCTION = YES;
				GCC_WARN_UNUSED_VARIABLE = YES;
				IPHONEOS_DEPLOYMENT_TARGET = 10.0;
				MTL_ENABLE_DEBUG_INFO = YES;
				ONLY_ACTIVE_ARCH = YES;
				SDKROOT = iphoneos;
			};
			name = Debug;
		};
		D4D1512820B9164D00416891 /* Release */ = {
			isa = XCBuildConfiguration;
			buildSettings = {
				ALWAYS_SEARCH_USER_PATHS = NO;
				CLANG_ANALYZER_NONNULL = YES;
				CLANG_ANALYZER_NUMBER_OBJECT_CONVERSION = YES_AGGRESSIVE;
				CLANG_CXX_LANGUAGE_STANDARD = "gnu++14";
				CLANG_CXX_LIBRARY = "libc++";
				CLANG_ENABLE_MODULES = YES;
				CLANG_ENABLE_OBJC_ARC = YES;
				CLANG_ENABLE_OBJC_WEAK = YES;
				CLANG_WARN_BLOCK_CAPTURE_AUTORELEASING = YES;
				CLANG_WARN_BOOL_CONVERSION = YES;
				CLANG_WARN_COMMA = YES;
				CLANG_WARN_CONSTANT_CONVERSION = YES;
				CLANG_WARN_DEPRECATED_OBJC_IMPLEMENTATIONS = YES;
				CLANG_WARN_DIRECT_OBJC_ISA_USAGE = YES_ERROR;
				CLANG_WARN_DOCUMENTATION_COMMENTS = YES;
				CLANG_WARN_EMPTY_BODY = YES;
				CLANG_WARN_ENUM_CONVERSION = YES;
				CLANG_WARN_INFINITE_RECURSION = YES;
				CLANG_WARN_INT_CONVERSION = YES;
				CLANG_WARN_NON_LITERAL_NULL_CONVERSION = YES;
				CLANG_WARN_OBJC_IMPLICIT_RETAIN_SELF = YES;
				CLANG_WARN_OBJC_LITERAL_CONVERSION = YES;
				CLANG_WARN_OBJC_ROOT_CLASS = YES_ERROR;
				CLANG_WARN_RANGE_LOOP_ANALYSIS = YES;
				CLANG_WARN_STRICT_PROTOTYPES = YES;
				CLANG_WARN_SUSPICIOUS_MOVE = YES;
				CLANG_WARN_UNGUARDED_AVAILABILITY = YES_AGGRESSIVE;
				CLANG_WARN_UNREACHABLE_CODE = YES;
				CLANG_WARN__DUPLICATE_METHOD_MATCH = YES;
				CODE_SIGN_IDENTITY = "iPhone Developer";
				COPY_PHASE_STRIP = NO;
				DEBUG_INFORMATION_FORMAT = "dwarf-with-dsym";
				ENABLE_NS_ASSERTIONS = NO;
				ENABLE_STRICT_OBJC_MSGSEND = YES;
				GCC_C_LANGUAGE_STANDARD = gnu11;
				GCC_NO_COMMON_BLOCKS = YES;
				GCC_WARN_64_TO_32_BIT_CONVERSION = YES;
				GCC_WARN_ABOUT_RETURN_TYPE = YES_ERROR;
				GCC_WARN_UNDECLARED_SELECTOR = YES;
				GCC_WARN_UNINITIALIZED_AUTOS = YES_AGGRESSIVE;
				GCC_WARN_UNUSED_FUNCTION = YES;
				GCC_WARN_UNUSED_VARIABLE = YES;
				IPHONEOS_DEPLOYMENT_TARGET = 10.0;
				MTL_ENABLE_DEBUG_INFO = NO;
				SDKROOT = iphoneos;
				VALIDATE_PRODUCT = YES;
			};
			name = Release;
		};
		D4D1512A20B9164D00416891 /* Debug */ = {
			isa = XCBuildConfiguration;
			buildSettings = {
				ASSETCATALOG_COMPILER_APPICON_NAME = AppIcon;
				CODE_SIGN_STYLE = Automatic;
				DEVELOPMENT_TEAM = XFDXLZRBS4;
				INFOPLIST_FILE = OauthFun/Info.plist;
				IPHONEOS_DEPLOYMENT_TARGET = 11.0;
				LD_RUNPATH_SEARCH_PATHS = (
					"$(inherited)",
					"@executable_path/Frameworks",
				);
				PRODUCT_BUNDLE_IDENTIFIER = com.ericyu423.OauthFun;
				PRODUCT_NAME = "$(TARGET_NAME)";
				TARGETED_DEVICE_FAMILY = "1,2";
			};
			name = Debug;
		};
		D4D1512B20B9164D00416891 /* Release */ = {
			isa = XCBuildConfiguration;
			buildSettings = {
				ASSETCATALOG_COMPILER_APPICON_NAME = AppIcon;
				CODE_SIGN_STYLE = Automatic;
				DEVELOPMENT_TEAM = XFDXLZRBS4;
				INFOPLIST_FILE = OauthFun/Info.plist;
				IPHONEOS_DEPLOYMENT_TARGET = 11.0;
				LD_RUNPATH_SEARCH_PATHS = (
					"$(inherited)",
					"@executable_path/Frameworks",
				);
				PRODUCT_BUNDLE_IDENTIFIER = com.ericyu423.OauthFun;
				PRODUCT_NAME = "$(TARGET_NAME)";
				TARGETED_DEVICE_FAMILY = "1,2";
			};
			name = Release;
		};
		D4D1512D20B9164D00416891 /* Debug */ = {
			isa = XCBuildConfiguration;
			buildSettings = {
				BUNDLE_LOADER = "$(TEST_HOST)";
				CODE_SIGN_STYLE = Automatic;
				DEVELOPMENT_TEAM = XFDXLZRBS4;
				INFOPLIST_FILE = OauthFunTests/Info.plist;
				LD_RUNPATH_SEARCH_PATHS = (
					"$(inherited)",
					"@executable_path/Frameworks",
					"@loader_path/Frameworks",
				);
				PRODUCT_BUNDLE_IDENTIFIER = com.ericyu423.OauthFunTests;
				PRODUCT_NAME = "$(TARGET_NAME)";
				TARGETED_DEVICE_FAMILY = "1,2";
				TEST_HOST = "$(BUILT_PRODUCTS_DIR)/OauthFun.app/OauthFun";
			};
			name = Debug;
		};
		D4D1512E20B9164D00416891 /* Release */ = {
			isa = XCBuildConfiguration;
			buildSettings = {
				BUNDLE_LOADER = "$(TEST_HOST)";
				CODE_SIGN_STYLE = Automatic;
				DEVELOPMENT_TEAM = XFDXLZRBS4;
				INFOPLIST_FILE = OauthFunTests/Info.plist;
				LD_RUNPATH_SEARCH_PATHS = (
					"$(inherited)",
					"@executable_path/Frameworks",
					"@loader_path/Frameworks",
				);
				PRODUCT_BUNDLE_IDENTIFIER = com.ericyu423.OauthFunTests;
				PRODUCT_NAME = "$(TARGET_NAME)";
				TARGETED_DEVICE_FAMILY = "1,2";
				TEST_HOST = "$(BUILT_PRODUCTS_DIR)/OauthFun.app/OauthFun";
			};
			name = Release;
		};
/* End XCBuildConfiguration section */

/* Begin XCConfigurationList section */
		D4D1510020B9164C00416891 /* Build configuration list for PBXProject "OauthFun" */ = {
			isa = XCConfigurationList;
			buildConfigurations = (
				D4D1512720B9164D00416891 /* Debug */,
				D4D1512820B9164D00416891 /* Release */,
			);
			defaultConfigurationIsVisible = 0;
			defaultConfigurationName = Release;
		};
		D4D1512920B9164D00416891 /* Build configuration list for PBXNativeTarget "OauthFun" */ = {
			isa = XCConfigurationList;
			buildConfigurations = (
				D4D1512A20B9164D00416891 /* Debug */,
				D4D1512B20B9164D00416891 /* Release */,
			);
			defaultConfigurationIsVisible = 0;
			defaultConfigurationName = Release;
		};
		D4D1512C20B9164D00416891 /* Build configuration list for PBXNativeTarget "OauthFunTests" */ = {
			isa = XCConfigurationList;
			buildConfigurations = (
				D4D1512D20B9164D00416891 /* Debug */,
				D4D1512E20B9164D00416891 /* Release */,
			);
			defaultConfigurationIsVisible = 0;
			defaultConfigurationName = Release;
		};
/* End XCConfigurationList section */

/* Begin XCVersionGroup section */
		D4D1511120B9164C00416891 /* OauthFun.xcdatamodeld */ = {
			isa = XCVersionGroup;
			children = (
				D4D1511220B9164C00416891 /* OauthFun.xcdatamodel */,
			);
			currentVersion = D4D1511220B9164C00416891 /* OauthFun.xcdatamodel */;
			path = OauthFun.xcdatamodeld;
			sourceTree = "<group>";
			versionGroupType = wrapper.xcdatamodel;
		};
/* End XCVersionGroup section */
	};
	rootObject = D4D150FD20B9164C00416891 /* Project object */;
}
